# This file is generated by running "yarn install" inside your project.
# Manual changes might be lost - proceed with caution!

__metadata:
  version: 6
  cacheKey: 8

"@types/prop-types@npm:*":
  version: 15.7.5
  resolution: "@types/prop-types@npm:15.7.5"
  checksum: 5b43b8b15415e1f298243165f1d44390403bb2bd42e662bca3b5b5633fdd39c938e91b7fce3a9483699db0f7a715d08cef220c121f723a634972fdf596aec980
  languageName: node
  linkType: hard

"@types/react@npm:^18.0.12":
  version: 18.0.12
  resolution: "@types/react@npm:18.0.12"
  dependencies:
    "@types/prop-types": "*"
    "@types/scheduler": "*"
    csstype: ^3.0.2
  checksum: 526ea13b3adf7fe4b475e55b7426510a7861ef2910664a9014ef42cba0c699d5167dc378eb161e2ec26c07a3b6fde9b6bdcbbb6f4b5580612246bc289395ef03
  languageName: node
  linkType: hard

"@types/scheduler@npm:*":
  version: 0.16.2
  resolution: "@types/scheduler@npm:0.16.2"
  checksum: b6b4dcfeae6deba2e06a70941860fb1435730576d3689225a421280b7742318d1548b3d22c1f66ab68e414f346a9542f29240bc955b6332c5b11e561077583bc
  languageName: node
  linkType: hard

"csstype@npm:^3.0.2":
  version: 3.1.0
  resolution: "csstype@npm:3.1.0"
  checksum: 644e986cefab86525f0b674a06889cfdbb1f117e5b7d1ce0fc55b0423ecc58807a1ea42ecc75c4f18999d14fc42d1d255f84662a45003a52bb5840e977eb2ffd
  languageName: node
  linkType: hard

"js-tokens@npm:^3.0.0 || ^4.0.0":
  version: 4.0.0
  resolution: "js-tokens@npm:4.0.0"
  checksum: 8a95213a5a77deb6cbe94d86340e8d9ace2b93bc367790b260101d2f36a2eaf4e4e22d9fa9cf459b38af3a32fb4190e638024cf82ec95ef708680e405ea7cc78
  languageName: node
  linkType: hard

"loose-envify@npm:^1.1.0":
  version: 1.4.0
  resolution: "loose-envify@npm:1.4.0"
  dependencies:
    js-tokens: ^3.0.0 || ^4.0.0
  bin:
    loose-envify: cli.js
  checksum: 6517e24e0cad87ec9888f500c5b5947032cdfe6ef65e1c1936a0c48a524b81e65542c9c3edc91c97d5bddc806ee2a985dbc79be89215d613b1de5db6d1cfe6f4
  languageName: node
  linkType: hard

"package-a@workspace:*, package-a@workspace:package-a":
  version: 0.0.0-use.local
  resolution: "package-a@workspace:package-a"
  dependencies:
    react: ^18.1.0
    react-dom: ^18.1.0
  peerDependencies:
    react: ^18.1.0
    react-dom: ^18.1.0
  languageName: unknown
  linkType: soft

"package-b@workspace:*, package-b@workspace:package-b":
  version: 0.0.0-use.local
  resolution: "package-b@workspace:package-b"
  dependencies:
    "@types/react": ^18.0.12
    react: ^18.1.0
    react-dom: ^18.1.0
  peerDependencies:
    react: ^18.1.0
    react-dom: ^18.1.0
  languageName: unknown
  linkType: soft

"react-dom@npm:^18.1.0":
  version: 18.1.0
  resolution: "react-dom@npm:18.1.0"
  dependencies:
    loose-envify: ^1.1.0
    scheduler: ^0.22.0
  peerDependencies:
    react: ^18.1.0
  checksum: bb0d48eeb0b297c79c2a03978baa29f5b3ff7ba3d070b21e34c9af1a6e7fdf0ca8b8d73e41f9214d91ad40eeb6d1f3559f884cbbc338713374a51320637c23df
  languageName: node
  linkType: hard

"react@npm:^18.1.0":
  version: 18.1.0
  resolution: "react@npm:18.1.0"
  dependencies:
    loose-envify: ^1.1.0
  checksum: 5bb296b561b43ef2220395da4faac86c14a087c8c80e1a7598a5740f01ee605c11eaf249985c1e2000971c4cd32ccb46d40f00479bbd9fb6b1c7cf857393b7d4
  languageName: node
  linkType: hard

"repro-peer-dep@workspace:.":
  version: 0.0.0-use.local
  resolution: "repro-peer-dep@workspace:."
  languageName: unknown
  linkType: soft

"scheduler@npm:^0.22.0":
  version: 0.22.0
  resolution: "scheduler@npm:0.22.0"
  dependencies:
    loose-envify: ^1.1.0
  checksum: a8ef5cab769c020cd6382ad9ecc3f72dbde56a50a36639b3a42ad9c11f7724f03700bcad373044059b8067d4a6365154dc7c0ca8027ef20ff4900cf58a0fc2c5
  languageName: node
  linkType: hard

"workspace-a@workspace:workspace-a":
  version: 0.0.0-use.local
  resolution: "workspace-a@workspace:workspace-a"
  dependencies:
    package-a: "workspace:*"
    package-b: "workspace:*"
  languageName: unknown
  linkType: soft
